
Microsoft Visual Studio Solution File, Format Version 12.00
# Visual Studio 15
VisualStudioVersion = 15.0.27520.0
MinimumVisualStudioVersion = 10.0.40219.1
Project("{9A19103F-16F7-4668-BE54-9A1E7A4F7556}") = "Toss.Server", "Toss\Toss.Server\Toss.Server.csproj", "{7F210AD1-511F-4FC4-80FD-763954306856}"
EndProject
Project("{9A19103F-16F7-4668-BE54-9A1E7A4F7556}") = "Toss.Client", "Toss\Toss.Client\Toss.Client.csproj", "{56E3871A-96DA-440F-853B-F84E2BAF51C1}"
EndProject
Project("{9A19103F-16F7-4668-BE54-9A1E7A4F7556}") = "Toss.Shared", "Toss\Toss.Shared\Toss.Shared.csproj", "{0C7BABD6-2186-4F4A-870E-50E841F022B5}"
EndProject
Project("{9A19103F-16F7-4668-BE54-9A1E7A4F7556}") = "Toss.Tests", "Toss.E2ETest\Toss.Tests.csproj", "{6DCBAA79-DF72-4A2E-89C0-77843FA3ABF7}"
EndProject
Global
	GlobalSection(SolutionConfigurationPlatforms) = preSolution
		Debug|Any CPU = Debug|Any CPU
		Release|Any CPU = Release|Any CPU
	EndGlobalSection
	GlobalSection(ProjectConfigurationPlatforms) = postSolution
		{7F210AD1-511F-4FC4-80FD-763954306856}.Debug|Any CPU.ActiveCfg = Debug|Any CPU
		{7F210AD1-511F-4FC4-80FD-763954306856}.Debug|Any CPU.Build.0 = Debug|Any CPU
		{7F210AD1-511F-4FC4-80FD-763954306856}.Release|Any CPU.ActiveCfg = Release|Any CPU
		{7F210AD1-511F-4FC4-80FD-763954306856}.Release|Any CPU.Build.0 = Release|Any CPU
		{56E3871A-96DA-440F-853B-F84E2BAF51C1}.Debug|Any CPU.ActiveCfg = Debug|Any CPU
		{56E3871A-96DA-440F-853B-F84E2BAF51C1}.Debug|Any CPU.Build.0 = Debug|Any CPU
		{56E3871A-96DA-440F-853B-F84E2BAF51C1}.Release|Any CPU.ActiveCfg = Release|Any CPU
		{56E3871A-96DA-440F-853B-F84E2BAF51C1}.Release|Any CPU.Build.0 = Release|Any CPU
		{0C7BABD6-2186-4F4A-870E-50E841F022B5}.Debug|Any CPU.ActiveCfg = Debug|Any CPU
		{0C7BABD6-2186-4F4A-870E-50E841F022B5}.Debug|Any CPU.Build.0 = Debug|Any CPU
		{0C7BABD6-2186-4F4A-870E-50E841F022B5}.Release|Any CPU.ActiveCfg = Release|Any CPU
		{0C7BABD6-2186-4F4A-870E-50E841F022B5}.Release|Any CPU.Build.0 = Release|Any CPU
		{6DCBAA79-DF72-4A2E-89C0-77843FA3ABF7}.Debug|Any CPU.ActiveCfg = Debug|Any CPU
		{6DCBAA79-DF72-4A2E-89C0-77843FA3ABF7}.Debug|Any CPU.Build.0 = Debug|Any CPU
		{6DCBAA79-DF72-4A2E-89C0-77843FA3ABF7}.Release|Any CPU.ActiveCfg = Release|Any CPU
		{6DCBAA79-DF72-4A2E-89C0-77843FA3ABF7}.Release|Any CPU.Build.0 = Release|Any CPU
	EndGlobalSection
	GlobalSection(SolutionProperties) = preSolution
		HideSolutionNode = FALSE
	EndGlobalSection
	GlobalSection(ExtensibilityGlobals) = postSolution
		SolutionGuid = {7D29AEF1-1D03-4FF8-8B61-A463E606F0FD}
	EndGlobalSection
EndGlobal
